# This file is automatically @generated by Cargo.
# It is not intended for manual editing.
version = 3

[[package]]
name = "cart"
version = "0.1.0"

[[package]]
name = "catalog"
version = "0.1.0"

[[package]]
name = "identity"
version = "0.1.0"

[[package]]
name = "inventory"
version = "0.1.0"

[[package]]
name = "notification"
version = "0.1.0"

[[package]]
name = "order"
version = "0.1.0"

[[package]]
name = "payment"
version = "0.1.0"

[[package]]
name = "server"
version = "0.1.0"

[[package]]
name = "shared-kernel"
version = "0.1.0"
